
Microsoft Visual Studio Solution File, Format Version 12.00
# Visual Studio Version 16
VisualStudioVersion = 16.0.29609.76
MinimumVisualStudioVersion = 10.0.40219.1
Project("{FAE04EC0-301F-11D3-BF4B-00C04F79EFBC}") = "GitPatchExtractor", "GitPatchExtractor.csproj", "{C36AFE54-6B57-4CF9-922E-22CF8C7E6205}"
EndProject
Global
	GlobalSection(SolutionConfigurationPlatforms) = preSolution
		Debug|Any CPU = Debug|Any CPU
		Release|Any CPU = Release|Any CPU
	EndGlobalSection
	GlobalSection(ProjectConfigurationPlatforms) = postSolution
		{C36AFE54-6B57-4CF9-922E-22CF8C7E6205}.Debug|Any CPU.ActiveCfg = Debug|Any CPU
		{C36AFE54-6B57-4CF9-922E-22CF8C7E6205}.Debug|Any CPU.Build.0 = Debug|Any CPU
		{C36AFE54-6B57-4CF9-922E-22CF8C7E6205}.Release|Any CPU.ActiveCfg = Release|Any CPU
		{C36AFE54-6B57-4CF9-922E-22CF8C7E6205}.Release|Any CPU.Build.0 = Release|Any CPU
	EndGlobalSection
	GlobalSection(SolutionProperties) = preSolution
		HideSolutionNode = FALSE
	EndGlobalSection
	GlobalSection(ExtensibilityGlobals) = postSolution
		SolutionGuid = {831EF98F-0E07-4EE1-8FD2-E1B92BE0C5EA}
	EndGlobalSection
EndGlobal
